{"1.2.0",
[{<<"goldrush">>,{pkg,<<"goldrush">>,<<"0.1.9">>},1},
 {<<"hamcrest">>,
  {git,"https://github.com/hyperthunk/hamcrest-erlang",
       {ref,"a8578932014c86fe395982fa3151d48897b9c37f"}},
  0},
 {<<"hdr_histogram">>,
  {git,"https://github.com/HdrHistogram/hdr_histogram_erl.git",
       {ref,"39991d346382e0add74fed2e8ec1cd5666061541"}},
  0},
 {<<"jiffy">>,
  {git,"https://github.com/davisp/jiffy.git",
       {ref,"50daa80a62a97ffb6dd46ea9cb8ccb4930cbf1ae"}},
  0},
 {<<"lager">>,
  {git,"https://github.com/erlang-lager/lager.git",
       {ref,"e6b31784e65b838a10d0a533f4b838da8029e402"}},
  0},
 {<<"luerl">>,
  {git,"https://github.com/rvirding/luerl.git",
       {ref,"8ef173e03d1b1e35883651164d34afb9ecf1acba"}},
  0},
 {<<"mzbench_language">>,{rsync,"../common_apps/mzbench_language/"},0},
 {<<"mzbench_utils">>,{rsync,"../common_apps/mzbench_utils/"},0},
 {<<"netlink">>,
  {git,"https://github.com/synlay/netlink",
       {ref,"f7fa1cebf244173dc5b0b4cbcefd3d33a6ea8078"}},
  0},
 {<<"pretty_errors">>,
  {git,"https://github.com/ethercrow/pretty_errors",
       {ref,"531d79b0057c3b08b8509b326b9bdaf663bf45ce"}},
  1},
 {<<"ranch">>,
  {git,"https://github.com/ninenines/ranch.git",
       {ref,"741bfb73ca663394ecf7a73410506d66f01985a6"}},
  0}]}.
[
{pkg_hash,[
 {<<"goldrush">>, <<"F06E5D5F1277DA5C413E84D5A2924174182FB108DABB39D5EC548B27424CD106">>}]},
{pkg_hash_ext,[
 {<<"goldrush">>, <<"99CB4128CFFCB3227581E5D4D803D5413FA643F4EB96523F77D9E6937D994CEB">>}]}
].
